github.com/gethugothemes/hugo-modules/accordion v0.0.0-20230817071321-3dd69bc67a24 h1:BoSIJUun5UQzwNmn+n0dQtjODH+ggN9I9huIN58HBDA=
github.com/gethugothemes/hugo-modules/accordion v0.0.0-20230817071321-3dd69bc67a24/go.mod h1:D4DpauKPDcUHI9CVKYmJeO6bkSJIhUN864TyXZ2o0VI=
github.com/gethugothemes/hugo-modules/adsense v0.0.0-20230817071321-3dd69bc67a24 h1:kO4NbyhBILoG/B8IvO04ha7Qh/H2UP7anG/lY3imbus=
github.com/gethugothemes/hugo-modules/adsense v0.0.0-20230817071321-3dd69bc67a24/go.mod h1:8p/gG/cyyu20z4q5cFN/JGE5TOFA55Xsp+aIP9KCsqo=
github.com/gethugothemes/hugo-modules/components/cookie-consent v0.0.0-20230817071321-3dd69bc67a24 h1:hQ62jwhS3SN3N4678hFYmbZsyjB25akcX3Sv4V5rHxc=
github.com/gethugothemes/hugo-modules/components/cookie-consent v0.0.0-20230817071321-3dd69bc67a24/go.mod h1:511ERLpGe3ZTfV2z/NAtUSR5NqKF26h9z5lU/zYV4YQ=
github.com/gethugothemes/hugo-modules/components/custom-script v0.0.0-20230817071321-3dd69bc67a24 h1:7DQZTOmYJFEf98zaLKB04K6iRaIlL3h73zVK/GImboE=
github.com/gethugothemes/hugo-modules/components/custom-script v0.0.0-20230817071321-3dd69bc67a24/go.mod h1:RuDHq4WnK8sNEzAIJr4BZQ7oXhzcct/EKaAxc2Xvi9E=
github.com/gethugothemes/hugo-modules/components/preloader v0.0.0-20230817071321-3dd69bc67a24 h1:WGycSSCTDxhzb4AJRmKi8AiQTwYhbUT+1fgOBoHDVC8=
github.com/gethugothemes/hugo-modules/components/preloader v0.0.0-20230817071321-3dd69bc67a24/go.mod h1:FP0iQ3tMOesuWFZhLst2KEvUEYPb5Jk1GW+QBP9lrwg=
github.com/gethugothemes/hugo-modules/components/render-link v0.0.0-20230817071321-3dd69bc67a24 h1:k4o2mav87NIK+0DFVeC1NyPlb0iE4AodGbZM/5E/dd4=
github.com/gethugothemes/hugo-modules/components/render-link v0.0.0-20230817071321-3dd69bc67a24/go.mod h1:z3YcIeEBUonAoRDY1/Jv1ojNVkZ5ud35a0Nn8L4Inx0=
github.com/gethugothemes/hugo-modules/components/social-share v0.0.0-20230817071321-3dd69bc67a24 h1:a9EQ/sWMvFpBXvGjya827/FsMBf2xn6tbYzepzQp74U=
github.com/gethugothemes/hugo-modules/components/social-share v0.0.0-20230817071321-3dd69bc67a24/go.mod h1:Gcj4RM/EBECsJMZnPeWjfy/1roRYGqzV9GYNmeHkvFA=
github.com/gethugothemes/hugo-modules/gallery-slider v0.0.0-20230817071321-3dd69bc67a24 h1:f1DFVCqQmRD1hjGFah+sDbvX4GVs5sT4XrDfIv5NL2Y=
github.com/gethugothemes/hugo-modules/gallery-slider v0.0.0-20230817071321-3dd69bc67a24/go.mod h1:MvQ2js/ofZ22CTX5wuvE+dC0rMe6C5HAWL2fEOu/yzE=
github.com/gethugothemes/hugo-modules/gzip-caching v0.0.0-20230817071321-3dd69bc67a24 h1:VRGUcPrOR3Zop9+6i/0SEMXE26zcBeBGFF26cYeMMc4=
github.com/gethugothemes/hugo-modules/gzip-caching v0.0.0-20230817071321-3dd69bc67a24/go.mod h1:0ZMjTZVG4XLZU2/icc8Saqo4mmgMpfRTrUZU2Aa2Pwg=
github.com/gethugothemes/hugo-modules/icons/font-awesome v0.0.0-20230817071321-3dd69bc67a24 h1:isF5iadK+Mgn8QhqsDdqyfD5/P0SwIbC7IlowaQAz5I=
github.com/gethugothemes/hugo-modules/icons/font-awesome v0.0.0-20230817071321-3dd69bc67a24/go.mod h1:d3gy1vQyfasPmGpau7HpQLrXbOv23PfXclSnjyOBxeU=
github.com/gethugothemes/hugo-modules/icons/themify-icons v0.0.0-20230817071321-3dd69bc67a24 h1:RKmddKUjxDX3OpNfgTnC++rZfWbjWC8Daed/MpQ+OzY=
github.com/gethugothemes/hugo-modules/icons/themify-icons v0.0.0-20230817071321-3dd69bc67a24/go.mod h1:hWopv9exSUsFbNUzWemaFvPdyPay0lrqTMHkJXi4n+Y=
github.com/gethugothemes/hugo-modules/images v0.0.0-20230817071321-3dd69bc67a24 h1:B/jo4rIVliS+0vhNaDpaPZPzGP1URLSBPzWJQB+2JtA=
github.com/gethugothemes/hugo-modules/images v0.0.0-20230817071321-3dd69bc67a24/go.mod h1:FKliP3qOW9diIcQeLtyZ0Hdhg3PL8bdAkC/6O+XtU90=
github.com/gethugothemes/hugo-modules/modal v0.0.0-20230817071321-3dd69bc67a24 h1:zMY/BgT+ZUMziLBoNAN+ZrrWNVLmASOcu4Zw6FNdg8c=
github.com/gethugothemes/hugo-modules/modal v0.0.0-20230817071321-3dd69bc67a24/go.mod h1:Eb9v7oV6biymfvjcBhQdvgn0gUGYhUtfCMeOBLFpFsk=
github.com/gethugothemes/hugo-modules/pwa v0.0.0-20230817071321-3dd69bc67a24 h1:8B4D84XNxLP/auWjWwNcaoqpVgAqhjyZFIvX5Ly/93g=
github.com/gethugothemes/hugo-modules/pwa v0.0.0-20230817071321-3dd69bc67a24/go.mod h1:TRv7iszdfo37O1PbBEE+S8X/enAdpRIxK5DGrp13Qbo=
github.com/gethugothemes/hugo-modules/search v0.0.0-20230817071321-3dd69bc67a24 h1:k0G9xPsX23XjiT+TjsjIC5x8r4gE33iMosFnx+RLUmY=
github.com/gethugothemes/hugo-modules/search v0.0.0-20230817071321-3dd69bc67a24/go.mod h1:tmDvLaZCM+QDvS/WLZXNjY1QTdWh7/68D2wIToECbyA=
github.com/gethugothemes/hugo-modules/seo-tools/basic-seo v0.0.0-20230817071321-3dd69bc67a24 h1:dscgsry+LekrhJU95QmYkZSCEaKuwvVCrhPLLmQJI2k=
github.com/gethugothemes/hugo-modules/seo-tools/basic-seo v0.0.0-20230817071321-3dd69bc67a24/go.mod h1:Q8dPgjamV7pxwKSQyWV21Xwh5CGi23/k+M8HPTphYbs=
github.com/gethugothemes/hugo-modules/seo-tools/google-tag-manager v0.0.0-20230817071321-3dd69bc67a24 h1:KZAke48dZCi/bSsbzgmto+lFNPrlcOZS7MYBclSg7aI=
github.com/gethugothemes/hugo-modules/seo-tools/google-tag-manager v0.0.0-20230817071321-3dd69bc67a24/go.mod h1:cCq50yd55eFTrpqOfeyOK5X0hU5E7qxsqOD7IzTsgLA=
github.com/gethugothemes/hugo-modules/seo-tools/site-verifications v0.0.0-20230817071321-3dd69bc67a24 h1:NO8WCf/zlAt5LXNxqCsG4ylsedyDmeUWS80kG/csYsw=
github.com/gethugothemes/hugo-modules/seo-tools/site-verifications v0.0.0-20230817071321-3dd69bc67a24/go.mod h1:iXielaya126qJscz7Bc2G2WB91moloQOoWru6UoBUyE=
github.com/gethugothemes/hugo-modules/shortcodes/button v0.0.0-20230817071321-3dd69bc67a24 h1:x/yYFWd2CrHHAa7bigWARa1ymzrE1h+dGeX0UoiXzGE=
github.com/gethugothemes/hugo-modules/shortcodes/button v0.0.0-20230817071321-3dd69bc67a24/go.mod h1:MSvxGvjvcGUKTs6YMATU/9kYFrzW+VSVdy4CCOQLdsY=
github.com/gethugothemes/hugo-modules/shortcodes/notice v0.0.0-20230817071321-3dd69bc67a24 h1:YVhQ7jcTvsybYqvC+FW3z01sTWSuvXPZy9CVyx7T3a4=
github.com/gethugothemes/hugo-modules/shortcodes/notice v0.0.0-20230817071321-3dd69bc67a24/go.mod h1:ljWyMJx82WA+6SlKjbGFhEdxcriyvUTCjXkJHDa4lho=
github.com/gethugothemes/hugo-modules/tab v0.0.0-20230817071321-3dd69bc67a24 h1:KQl+ZG2GuPVOG5whMQcamalUkOkq4/sscQZsuNswDBc=
github.com/gethugothemes/hugo-modules/tab v0.0.0-20230817071321-3dd69bc67a24/go.mod h1:h3UxlxrFoU19JldxWLPBKaTZFe3AJtABrqo1wfxr+Ng=
github.com/gethugothemes/hugo-modules/table-of-contents v0.0.0-20230817071321-3dd69bc67a24 h1:O8PfBCfZgKItOyEs2ualZy+SsHCv1I/m6uLAwo4fAro=
github.com/gethugothemes/hugo-modules/table-of-contents v0.0.0-20230817071321-3dd69bc67a24/go.mod h1:bEDw4veccQQQYEdVrfu13ATRUWfW8ptDIjJZuhYh4Tw=
github.com/gethugothemes/hugo-modules/videos v0.0.0-20230817071321-3dd69bc67a24 h1:mEaLcRN916sedJeV7L6/jCR+hXOKmcDD1xmUfozz3LQ=
github.com/gethugothemes/hugo-modules/videos v0.0.0-20230817071321-3dd69bc67a24/go.mod h1:P722lLWdnNhdZVq6gvMrOLqECUwrAYQWaOWlChta5H0=
github.com/zeon-studio/hugoplate v0.0.0-20230817080508-ca8ce7fe9271 h1:6vxysUuvcHgwaZVEHeXjy9PWoRCSswZx7IJUILZMx4Q=
github.com/zeon-studio/hugoplate v0.0.0-20230817080508-ca8ce7fe9271/go.mod h1:YlRIwdTWidquf1dhtx+mDfu0I3KVrVQB4wi4UmHlK3E=
